
Microsoft Visual Studio Solution File, Format Version 12.00
# Visual Studio Version 17
VisualStudioVersion = 17.11.35219.272
MinimumVisualStudioVersion = 10.0.40219.1
Project("{FAE04EC0-301F-11D3-BF4B-00C04F79EFBC}") = "HoseRenderer", "HoseRenderer.csproj", "{2CD18D04-3A23-4479-8B0C-F48F422A0B6C}"
EndProject
Global
	GlobalSection(SolutionConfigurationPlatforms) = preSolution
		Debug|Any CPU = Debug|Any CPU
		Release|Any CPU = Release|Any CPU
	EndGlobalSection
	GlobalSection(ProjectConfigurationPlatforms) = postSolution
		{2CD18D04-3A23-4479-8B0C-F48F422A0B6C}.Debug|Any CPU.ActiveCfg = Debug|Any CPU
		{2CD18D04-3A23-4479-8B0C-F48F422A0B6C}.Debug|Any CPU.Build.0 = Debug|Any CPU
		{2CD18D04-3A23-4479-8B0C-F48F422A0B6C}.Release|Any CPU.ActiveCfg = Release|Any CPU
		{2CD18D04-3A23-4479-8B0C-F48F422A0B6C}.Release|Any CPU.Build.0 = Release|Any CPU
	EndGlobalSection
	GlobalSection(SolutionProperties) = preSolution
		HideSolutionNode = FALSE
	EndGlobalSection
	GlobalSection(ExtensibilityGlobals) = postSolution
		SolutionGuid = {E357235A-7CDE-4F0C-8BB3-C176BB35782E}
	EndGlobalSection
EndGlobal
